# This file is automatically @generated by Cargo.
# It is not intended for manual editing.
version = 3

[[package]]
name = "autocfg"
version = "1.1.0"
source = "registry+https://github.com/rust-lang/crates.io-index"
checksum = "d468802bab17cbc0cc575e9b053f41e72aa36bfa6b7f55e3529ffa43161b97fa"

[[package]]
name = "cobs"
version = "0.2.3"
source = "registry+https://github.com/rust-lang/crates.io-index"
checksum = "67ba02a97a2bd10f4b59b25c7973101c79642302776489e030cd13cdab09ed15"

[[package]]
name = "deduplicating_array"
version = "0.1.4"
source = "registry+https://github.com/rust-lang/crates.io-index"
checksum = "0b5426e8a7610ceca8b2f2c40a25ddd4476606c96a0c1e3524fdfdbeb64c1331"
dependencies = [
 "serde",
]

[[package]]
name = "displaydoc"
version = "0.2.4"
source = "registry+https://github.com/rust-lang/crates.io-index"
checksum = "487585f4d0c6655fe74905e2504d8ad6908e4db67f744eb140876906c2f3175d"
dependencies = [
 "proc-macro2",
 "quote",
 "syn 2.0.23",
]

[[package]]
name = "either"
version = "1.8.1"
source = "registry+https://github.com/rust-lang/crates.io-index"
checksum = "7fcaabb2fef8c910e7f4c7ce9f67a1283a1715879a7c230ca9d6d1ae31f16d91"

[[package]]
name = "fixed_decimal"
version = "0.5.3"
source = "registry+https://github.com/rust-lang/crates.io-index"
checksum = "1c9eab2dd2aadbc55056ed228ccc4be42d07cd61aee72d48768f8ac2e4ab7d54"
dependencies = [
 "displaydoc",
 "smallvec",
 "writeable",
]

[[package]]
name = "icu"
version = "1.2.0"
source = "registry+https://github.com/rust-lang/crates.io-index"
checksum = "c200640729e9f7cf6a7a1140dbf797121b70e8f2d1f347090aff8394f7e8f863"
dependencies = [
 "icu_calendar",
 "icu_casemapping",
 "icu_collator",
 "icu_collections",
 "icu_datetime",
 "icu_decimal",
 "icu_displaynames",
 "icu_list",
 "icu_locid",
 "icu_locid_transform",
 "icu_normalizer",
 "icu_plurals",
 "icu_properties",
 "icu_provider",
 "icu_relativetime",
 "icu_segmenter",
 "icu_timezone",
]

[[package]]
name = "icu-test"
version = "0.1.0"
dependencies = [
 "icu",
 "icu_provider",
 "icu_provider_blob",
 "icu_testdata",
]

[[package]]
name = "icu_calendar"
version = "1.2.0"
source = "registry+https://github.com/rust-lang/crates.io-index"
checksum = "dee1e8c25ed44743d03e2d58ca1c0226786dc1aac1f9cb27485e2da2de5e0918"
dependencies = [
 "displaydoc",
 "icu_locid",
 "icu_provider",
 "serde",
 "tinystr",
 "writeable",
 "zerovec",
]

[[package]]
name = "icu_casemapping"
version = "0.7.2"
source = "registry+https://github.com/rust-lang/crates.io-index"
checksum = "44be22dcbc418f34dbf0fc444a538fdeac5bd52c8688ad6f328603a90af9c2e0"
dependencies = [
 "displaydoc",
 "icu_collections",
 "icu_locid",
 "icu_provider",
 "serde",
 "yoke",
 "zerovec",
]

[[package]]
name = "icu_collator"
version = "1.2.0"
source = "registry+https://github.com/rust-lang/crates.io-index"
checksum = "088882827079b243dc01883f92290dd3952b656faddc7a2972e6d3ab47e1fc7a"
dependencies = [
 "displaydoc",
 "icu_collections",
 "icu_locid",
 "icu_normalizer",
 "icu_properties",
 "icu_provider",
 "serde",
 "smallvec",
 "utf16_iter",
 "utf8_iter",
 "zerovec",
]

[[package]]
name = "icu_collections"
version = "1.2.0"
source = "registry+https://github.com/rust-lang/crates.io-index"
checksum = "ef8302d8dfd6044d3ddb3f807a5ef3d7bbca9a574959c6d6e4dc39aa7012d0d5"
dependencies = [
 "displaydoc",
 "serde",
 "yoke",
 "zerofrom",
 "zerovec",
]

[[package]]
name = "icu_datetime"
version = "1.2.1"
source = "registry+https://github.com/rust-lang/crates.io-index"
checksum = "72d61014bb8604505baa84ed522aa039951bd81177828d165e80ea8a0543c8a7"
dependencies = [
 "displaydoc",
 "either",
 "fixed_decimal",
 "icu_calendar",
 "icu_decimal",
 "icu_locid",
 "icu_plurals",
 "icu_provider",
 "icu_timezone",
 "litemap",
 "serde",
 "smallvec",
 "tinystr",
 "writeable",
 "zerovec",
]

[[package]]
name = "icu_decimal"
version = "1.2.0"
source = "registry+https://github.com/rust-lang/crates.io-index"
checksum = "839d40602460578482205f1def416a6442cf29a24dc366aa8cf8d9f95a53c9d2"
dependencies = [
 "displaydoc",
 "fixed_decimal",
 "icu_locid",
 "icu_provider",
 "serde",
 "writeable",
]

[[package]]
name = "icu_displaynames"
version = "0.10.0"
source = "registry+https://github.com/rust-lang/crates.io-index"
checksum = "5a689e3da02298e6681cda6d02e30bb449f46e941664e5f372a64c15bf934369"
dependencies = [
 "icu_collections",
 "icu_locid",
 "icu_provider",
 "serde",
 "tinystr",
 "zerovec",
]

[[package]]
name = "icu_list"
version = "1.2.0"
source = "registry+https://github.com/rust-lang/crates.io-index"
checksum = "fd7ba7442d9235b689d4fdce17c452ea229934980fd81ba50cc28275752c9f90"
dependencies = [
 "deduplicating_array",
 "displaydoc",
 "icu_provider",
 "regex-automata",
 "serde",
 "writeable",
]

[[package]]
name = "icu_locid"
version = "1.2.0"
source = "registry+https://github.com/rust-lang/crates.io-index"
checksum = "3003f85dccfc0e238ff567693248c59153a46f4e6125ba4020b973cef4d1d335"
dependencies = [
 "displaydoc",
 "litemap",
 "serde",
 "tinystr",
 "writeable",
 "zerovec",
]

[[package]]
name = "icu_locid_transform"
version = "1.2.1"
source = "registry+https://github.com/rust-lang/crates.io-index"
checksum = "fd89f392982141a878a9321c9298cce46d14e1c17efc5f428dbfd96b443e57d0"
dependencies = [
 "displaydoc",
 "icu_locid",
 "icu_provider",
 "serde",
 "tinystr",
 "zerovec",
]

[[package]]
name = "icu_normalizer"
version = "1.2.0"
source = "registry+https://github.com/rust-lang/crates.io-index"
checksum = "652869735c9fb9f5a64ba180ee16f2c848390469c116deef517ecc53f4343598"
dependencies = [
 "displaydoc",
 "icu_collections",
 "icu_properties",
 "icu_provider",
 "serde",
 "smallvec",
 "utf16_iter",
 "utf8_iter",
 "write16",
 "zerovec",
]

[[package]]
name = "icu_plurals"
version = "1.2.0"
source = "registry+https://github.com/rust-lang/crates.io-index"
checksum = "a18fbe19656b3cbae9a40a27b0303f06b2b51165e3b06d596dfdff8f06bfce9a"
dependencies = [
 "displaydoc",
 "fixed_decimal",
 "icu_locid",
 "icu_provider",
 "serde",
 "zerovec",
]

[[package]]
name = "icu_properties"
version = "1.2.0"
source = "registry+https://github.com/rust-lang/crates.io-index"
checksum = "ce0e1aa26851f16c9e04412a5911c86b7f8768dac8f8d4c5f1c568a7e5d7a434"
dependencies = [
 "displaydoc",
 "icu_collections",
 "icu_provider",
 "serde",
 "tinystr",
 "zerovec",
]

[[package]]
name = "icu_provider"
version = "1.2.0"
source = "registry+https://github.com/rust-lang/crates.io-index"
checksum = "8dc312a7b6148f7dfe098047ae2494d12d4034f48ade58d4f353000db376e305"
dependencies = [
 "displaydoc",
 "icu_locid",
 "icu_provider_macros",
 "postcard",
 "serde",
 "stable_deref_trait",
 "writeable",
 "yoke",
 "zerofrom",
 "zerovec",
]

[[package]]
name = "icu_provider_adapters"
version = "1.2.0"
source = "registry+https://github.com/rust-lang/crates.io-index"
checksum = "f4ae1e2bd0c41728b77e7c46e9afdec5e2127d1eedacc684724667d50c126bd3"
dependencies = [
 "icu_locid",
 "icu_provider",
 "serde",
 "tinystr",
 "yoke",
 "zerovec",
]

[[package]]
name = "icu_provider_blob"
version = "1.2.0"
source = "registry+https://github.com/rust-lang/crates.io-index"
checksum = "fd364c9a01f791a4bc04a74cf2a1d01d9f6926a40fd5ae1c28004e1e70d8338b"
dependencies = [
 "icu_provider",
 "postcard",
 "serde",
 "writeable",
 "yoke",
 "zerovec",
]

[[package]]
name = "icu_provider_macros"
version = "1.2.0"
source = "registry+https://github.com/rust-lang/crates.io-index"
checksum = "dd8b728b9421e93eff1d9f8681101b78fa745e0748c95c655c83f337044a7e10"
dependencies = [
 "proc-macro2",
 "quote",
 "syn 1.0.109",
]

[[package]]
name = "icu_relativetime"
version = "0.1.1"
source = "registry+https://github.com/rust-lang/crates.io-index"
checksum = "28810733e575bda56b7b20581b202908138125904ed87fd5c3db242a79232471"
dependencies = [
 "displaydoc",
 "fixed_decimal",
 "icu_decimal",
 "icu_plurals",
 "icu_provider",
 "serde",
 "writeable",
 "zerovec",
]

[[package]]
name = "icu_segmenter"
version = "1.2.1"
source = "registry+https://github.com/rust-lang/crates.io-index"
checksum = "c3300a7b6bf187be98a57264ad094f11f2e062c2e8263132af010ff522ee5495"
dependencies = [
 "displaydoc",
 "icu_collections",
 "icu_locid",
 "icu_provider",
 "num-traits",
 "serde",
 "utf8_iter",
 "zerovec",
]

[[package]]
name = "icu_testdata"
version = "1.2.0"
source = "registry+https://github.com/rust-lang/crates.io-index"
checksum = "50c91edb7412e04e7f71ec935d0b88954c6d414ad21ede85ab80d512e27540c9"
dependencies = [
 "icu_calendar",
 "icu_collator",
 "icu_collections",
 "icu_datetime",
 "icu_decimal",
 "icu_list",
 "icu_locid",
 "icu_locid_transform",
 "icu_normalizer",
 "icu_plurals",
 "icu_properties",
 "icu_provider",
 "icu_provider_adapters",
 "icu_provider_blob",
 "icu_segmenter",
 "icu_timezone",
 "zerovec",
]

[[package]]
name = "icu_timezone"
version = "1.2.0"
source = "registry+https://github.com/rust-lang/crates.io-index"
checksum = "5e22da75a450de2d54161838efa9e1a1f5baa7bc1fffdb015f260e0992b01977"
dependencies = [
 "displaydoc",
 "icu_calendar",
 "icu_locid",
 "icu_provider",
 "serde",
 "tinystr",
 "zerovec",
]

[[package]]
name = "libm"
version = "0.2.7"
source = "registry+https://github.com/rust-lang/crates.io-index"
checksum = "f7012b1bbb0719e1097c47611d3898568c546d597c2e74d66f6087edd5233ff4"

[[package]]
name = "litemap"
version = "0.7.0"
source = "registry+https://github.com/rust-lang/crates.io-index"
checksum = "3a04a5b2b6f54acba899926491d0a6c59d98012938ca2ab5befb281c034e8f94"
dependencies = [
 "serde",
]

[[package]]
name = "memchr"
version = "2.5.0"
source = "registry+https://github.com/rust-lang/crates.io-index"
checksum = "2dffe52ecf27772e601905b7522cb4ef790d2cc203488bbd0e2fe85fcb74566d"

[[package]]
name = "num-traits"
version = "0.2.15"
source = "registry+https://github.com/rust-lang/crates.io-index"
checksum = "578ede34cf02f8924ab9447f50c28075b4d3e5b269972345e7e0372b38c6cdcd"
dependencies = [
 "autocfg",
 "libm",
]

[[package]]
name = "postcard"
version = "1.0.4"
source = "registry+https://github.com/rust-lang/crates.io-index"
checksum = "cfa512cd0d087cc9f99ad30a1bf64795b67871edbead083ffc3a4dfafa59aa00"
dependencies = [
 "cobs",
 "serde",
]

[[package]]
name = "proc-macro2"
version = "1.0.63"
source = "registry+https://github.com/rust-lang/crates.io-index"
checksum = "7b368fba921b0dce7e60f5e04ec15e565b3303972b42bcfde1d0713b881959eb"
dependencies = [
 "unicode-ident",
]

[[package]]
name = "quote"
version = "1.0.29"
source = "registry+https://github.com/rust-lang/crates.io-index"
checksum = "573015e8ab27661678357f27dc26460738fd2b6c86e46f386fde94cb5d913105"
dependencies = [
 "proc-macro2",
]

[[package]]
name = "regex-automata"
version = "0.2.0"
source = "registry+https://github.com/rust-lang/crates.io-index"
checksum = "e9368763f5a9b804326f3af749e16f9abf378d227bcdee7634b13d8f17793782"
dependencies = [
 "memchr",
]

[[package]]
name = "serde"
version = "1.0.166"
source = "registry+https://github.com/rust-lang/crates.io-index"
checksum = "d01b7404f9d441d3ad40e6a636a7782c377d2abdbe4fa2440e2edcc2f4f10db8"
dependencies = [
 "serde_derive",
]

[[package]]
name = "serde_derive"
version = "1.0.166"
source = "registry+https://github.com/rust-lang/crates.io-index"
checksum = "5dd83d6dde2b6b2d466e14d9d1acce8816dedee94f735eac6395808b3483c6d6"
dependencies = [
 "proc-macro2",
 "quote",
 "syn 2.0.23",
]

[[package]]
name = "smallvec"
version = "1.10.0"
source = "registry+https://github.com/rust-lang/crates.io-index"
checksum = "a507befe795404456341dfab10cef66ead4c041f62b8b11bbb92bffe5d0953e0"
dependencies = [
 "serde",
]

[[package]]
name = "stable_deref_trait"
version = "1.2.0"
source = "registry+https://github.com/rust-lang/crates.io-index"
checksum = "a8f112729512f8e442d81f95a8a7ddf2b7c6b8a1a6f509a95864142b30cab2d3"

[[package]]
name = "syn"
version = "1.0.109"
source = "registry+https://github.com/rust-lang/crates.io-index"
checksum = "72b64191b275b66ffe2469e8af2c1cfe3bafa67b529ead792a6d0160888b4237"
dependencies = [
 "proc-macro2",
 "quote",
 "unicode-ident",
]

[[package]]
name = "syn"
version = "2.0.23"
source = "registry+https://github.com/rust-lang/crates.io-index"
checksum = "59fb7d6d8281a51045d62b8eb3a7d1ce347b76f312af50cd3dc0af39c87c1737"
dependencies = [
 "proc-macro2",
 "quote",
 "unicode-ident",
]

[[package]]
name = "synstructure"
version = "0.12.6"
source = "registry+https://github.com/rust-lang/crates.io-index"
checksum = "f36bdaa60a83aca3921b5259d5400cbf5e90fc51931376a9bd4a0eb79aa7210f"
dependencies = [
 "proc-macro2",
 "quote",
 "syn 1.0.109",
 "unicode-xid",
]

[[package]]
name = "tinystr"
version = "0.7.1"
source = "registry+https://github.com/rust-lang/crates.io-index"
checksum = "7ac3f5b6856e931e15e07b478e98c8045239829a65f9156d4fa7e7788197a5ef"
dependencies = [
 "displaydoc",
 "serde",
 "zerovec",
]

[[package]]
name = "unicode-ident"
version = "1.0.10"
source = "registry+https://github.com/rust-lang/crates.io-index"
checksum = "22049a19f4a68748a168c0fc439f9516686aa045927ff767eca0a85101fb6e73"

[[package]]
name = "unicode-xid"
version = "0.2.4"
source = "registry+https://github.com/rust-lang/crates.io-index"
checksum = "f962df74c8c05a667b5ee8bcf162993134c104e96440b663c8daa176dc772d8c"

[[package]]
name = "utf16_iter"
version = "1.0.4"
source = "registry+https://github.com/rust-lang/crates.io-index"
checksum = "52df8b7fb78e7910d776fccf2e42ceaf3604d55e8e7eb2dbd183cb1441d8a692"

[[package]]
name = "utf8_iter"
version = "1.0.3"
source = "registry+https://github.com/rust-lang/crates.io-index"
checksum = "64a8922555b9500e3d865caed19330172cd67cbf82203f1a3311d8c305cc9f33"

[[package]]
name = "write16"
version = "1.0.0"
source = "registry+https://github.com/rust-lang/crates.io-index"
checksum = "d1890f4022759daae28ed4fe62859b1236caebfc61ede2f63ed4e695f3f6d936"

[[package]]
name = "writeable"
version = "0.5.2"
source = "registry+https://github.com/rust-lang/crates.io-index"
checksum = "60e49e42bdb1d5dc76f4cd78102f8f0714d32edfa3efb82286eb0f0b1fc0da0f"

[[package]]
name = "yoke"
version = "0.7.1"
source = "registry+https://github.com/rust-lang/crates.io-index"
checksum = "1848075a23a28f9773498ee9a0f2cf58fcbad4f8c0ccf84a210ab33c6ae495de"
dependencies = [
 "serde",
 "stable_deref_trait",
 "yoke-derive",
 "zerofrom",
]

[[package]]
name = "yoke-derive"
version = "0.7.1"
source = "registry+https://github.com/rust-lang/crates.io-index"
checksum = "af46c169923ed7516eef0aa32b56d2651b229f57458ebe46b49ddd6efef5b7a2"
dependencies = [
 "proc-macro2",
 "quote",
 "syn 1.0.109",
 "synstructure",
]

[[package]]
name = "zerofrom"
version = "0.1.2"
source = "registry+https://github.com/rust-lang/crates.io-index"
checksum = "df54d76c3251de27615dfcce21e636c172dafb2549cd7fd93e21c66f6ca6bea2"
dependencies = [
 "zerofrom-derive",
]

[[package]]
name = "zerofrom-derive"
version = "0.1.2"
source = "registry+https://github.com/rust-lang/crates.io-index"
checksum = "b4eae7c1f7d4b8eafce526bc0771449ddc2f250881ae31c50d22c032b5a1c499"
dependencies = [
 "proc-macro2",
 "quote",
 "syn 1.0.109",
 "synstructure",
]

[[package]]
name = "zerovec"
version = "0.9.4"
source = "registry+https://github.com/rust-lang/crates.io-index"
checksum = "198f54134cd865f437820aa3b43d0ad518af4e68ee161b444cdd15d8e567c8ea"
dependencies = [
 "serde",
 "yoke",
 "zerofrom",
 "zerovec-derive",
]

[[package]]
name = "zerovec-derive"
version = "0.9.4"
source = "registry+https://github.com/rust-lang/crates.io-index"
checksum = "486558732d5dde10d0f8cb2936507c1bb21bc539d924c949baf5f36a58e51bac"
dependencies = [
 "proc-macro2",
 "quote",
 "syn 1.0.109",
 "synstructure",
]
